
Microsoft Visual Studio Solution File, Format Version 12.00
# Visual Studio Version 17
VisualStudioVersion = 17.0.31903.59
MinimumVisualStudioVersion = 10.0.40219.1
Project("{FAE04EC0-301F-11D3-BF4B-00C04F79EFBC}") = "OpenAutomate.BotAgent.Service", "OpenAutomate.BotAgent.Service\OpenAutomate.BotAgent.Service.csproj", "{FA939119-C0FE-41F2-BCF4-0622611CF22E}"
EndProject
Project("{FAE04EC0-301F-11D3-BF4B-00C04F79EFBC}") = "OpenAutomate.BotAgent.UI", "OpenAutomate.BotAgent.UI\OpenAutomate.BotAgent.UI.csproj", "{405D043C-F8DB-4B82-9D41-2EF8A8B8BDEF}"
EndProject
Project("{FAE04EC0-301F-11D3-BF4B-00C04F79EFBC}") = "OpenAutomate.BotAgent.Executor", "OpenAutomate.BotAgent.Executor\OpenAutomate.BotAgent.Executor.csproj", "{BF916EB6-3F93-4CC8-B141-D79BDD535954}"
EndProject
Global
	GlobalSection(SolutionConfigurationPlatforms) = preSolution
		Debug|Any CPU = Debug|Any CPU
		Debug|x86 = Debug|x86
		Release|Any CPU = Release|Any CPU
		Release|x86 = Release|x86
	EndGlobalSection
	GlobalSection(ProjectConfigurationPlatforms) = postSolution
		{FA939119-C0FE-41F2-BCF4-0622611CF22E}.Debug|Any CPU.ActiveCfg = Debug|Any CPU
		{FA939119-C0FE-41F2-BCF4-0622611CF22E}.Debug|Any CPU.Build.0 = Debug|Any CPU
		{FA939119-C0FE-41F2-BCF4-0622611CF22E}.Debug|x86.ActiveCfg = Debug|Any CPU
		{FA939119-C0FE-41F2-BCF4-0622611CF22E}.Debug|x86.Build.0 = Debug|Any CPU
		{FA939119-C0FE-41F2-BCF4-0622611CF22E}.Release|Any CPU.ActiveCfg = Release|Any CPU
		{FA939119-C0FE-41F2-BCF4-0622611CF22E}.Release|Any CPU.Build.0 = Release|Any CPU
		{FA939119-C0FE-41F2-BCF4-0622611CF22E}.Release|x86.ActiveCfg = Release|Any CPU
		{FA939119-C0FE-41F2-BCF4-0622611CF22E}.Release|x86.Build.0 = Release|Any CPU
		{405D043C-F8DB-4B82-9D41-2EF8A8B8BDEF}.Debug|Any CPU.ActiveCfg = Debug|Any CPU
		{405D043C-F8DB-4B82-9D41-2EF8A8B8BDEF}.Debug|Any CPU.Build.0 = Debug|Any CPU
		{405D043C-F8DB-4B82-9D41-2EF8A8B8BDEF}.Debug|x86.ActiveCfg = Debug|Any CPU
		{405D043C-F8DB-4B82-9D41-2EF8A8B8BDEF}.Debug|x86.Build.0 = Debug|Any CPU
		{405D043C-F8DB-4B82-9D41-2EF8A8B8BDEF}.Release|Any CPU.ActiveCfg = Release|Any CPU
		{405D043C-F8DB-4B82-9D41-2EF8A8B8BDEF}.Release|Any CPU.Build.0 = Release|Any CPU
		{405D043C-F8DB-4B82-9D41-2EF8A8B8BDEF}.Release|x86.ActiveCfg = Release|Any CPU
		{405D043C-F8DB-4B82-9D41-2EF8A8B8BDEF}.Release|x86.Build.0 = Release|Any CPU
		{BF916EB6-3F93-4CC8-B141-D79BDD535954}.Debug|Any CPU.ActiveCfg = Debug|Any CPU
		{BF916EB6-3F93-4CC8-B141-D79BDD535954}.Debug|Any CPU.Build.0 = Debug|Any CPU
		{BF916EB6-3F93-4CC8-B141-D79BDD535954}.Debug|x86.ActiveCfg = Debug|Any CPU
		{BF916EB6-3F93-4CC8-B141-D79BDD535954}.Debug|x86.Build.0 = Debug|Any CPU
		{BF916EB6-3F93-4CC8-B141-D79BDD535954}.Release|Any CPU.ActiveCfg = Release|Any CPU
		{BF916EB6-3F93-4CC8-B141-D79BDD535954}.Release|Any CPU.Build.0 = Release|Any CPU
		{BF916EB6-3F93-4CC8-B141-D79BDD535954}.Release|x86.ActiveCfg = Release|Any CPU
		{BF916EB6-3F93-4CC8-B141-D79BDD535954}.Release|x86.Build.0 = Release|Any CPU
	EndGlobalSection
	GlobalSection(SolutionProperties) = preSolution
		HideSolutionNode = FALSE
	EndGlobalSection
	GlobalSection(ExtensibilityGlobals) = postSolution
		SolutionGuid = {59E4E1CD-6F46-4A9E-A498-F0C77D17EB61}
	EndGlobalSection
EndGlobal
